// !$*UTF8*$!
{
	archiveVersion = 1;
	classes = {
	};
	objectVersion = 50;
	objects = {

/* Begin PBXBuildFile section */
		CEC26B1024E4FEF1006604BC /* AppDelegate.swift in Sources */ = {isa = PBXBuildFile; fileRef = CEC26B0F24E4FEF1006604BC /* AppDelegate.swift */; };
		CEC26B1224E4FEF1006604BC /* SceneDelegate.swift in Sources */ = {isa = PBXBuildFile; fileRef = CEC26B1124E4FEF1006604BC /* SceneDelegate.swift */; };
		CEC26B1424E4FEF1006604BC /* ViewController.swift in Sources */ = {isa = PBXBuildFile; fileRef = CEC26B1324E4FEF1006604BC /* ViewController.swift */; };
		CEC26B1724E4FEF1006604BC /* Main.storyboard in Resources */ = {isa = PBXBuildFile; fileRef = CEC26B1524E4FEF1006604BC /* Main.storyboard */; };
		CEC26B1924E4FEF2006604BC /* Assets.xcassets in Resources */ = {isa = PBXBuildFile; fileRef = CEC26B1824E4FEF2006604BC /* Assets.xcassets */; };
		CEC26B1C24E4FEF2006604BC /* LaunchScreen.storyboard in Resources */ = {isa = PBXBuildFile; fileRef = CEC26B1A24E4FEF2006604BC /* LaunchScreen.storyboard */; };
/* End PBXBuildFile section */

/* Begin PBXFileReference section */
		CEC26B0C24E4FEF1006604BC /* KinoAfisha.app */ = {isa = PBXFileReference; explicitFileType = wrapper.application; includeInIndex = 0; path = KinoAfisha.app; sourceTree = BUILT_PRODUCTS_DIR; };
		CEC26B0F24E4FEF1006604BC /* AppDelegate.swift */ = {isa = PBXFileReference; lastKnownFileType = sourcecode.swift; path = AppDelegate.swift; sourceTree = "<group>"; };
		CEC26B1124E4FEF1006604BC /* SceneDelegate.swift */ = {isa = PBXFileReference; lastKnownFileType = sourcecode.swift; path = SceneDelegate.swift; sourceTree = "<group>"; };
		CEC26B1324E4FEF1006604BC /* ViewController.swift */ = {isa = PBXFileReference; lastKnownFileType = sourcecode.swift; path = ViewController.swift; sourceTree = "<group>"; };
		CEC26B1624E4FEF1006604BC /* Base */ = {isa = PBXFileReference; lastKnownFileType = file.storyboard; name = Base; path = Base.lproj/Main.storyboard; sourceTree = "<group>"; };
		CEC26B1824E4FEF2006604BC /* Assets.xcassets */ = {isa = PBXFileReference; lastKnownFileType = folder.assetcatalog; path = Assets.xcassets; sourceTree = "<group>"; };
		CEC26B1B24E4FEF2006604BC /* Base */ = {isa = PBXFileReference; lastKnownFileType = file.storyboard; name = Base; path = Base.lproj/LaunchScreen.storyboard; sourceTree = "<group>"; };
		CEC26B1D24E4FEF2006604BC /* Info.plist */ = {isa = PBXFileReference; lastKnownFileType = text.plist.xml; path = Info.plist; sourceTree = "<group>"; };
/* End PBXFileReference section */

/* Begin PBXFrameworksBuildPhase section */
		CEC26B0924E4FEF1006604BC /* Frameworks */ = {
			isa = PBXFrameworksBuildPhase;
			buildActionMask = 2147483647;
			files = (
			);
			runOnlyForDeploymentPostprocessing = 0;
		};
/* End PBXFrameworksBuildPhase section */

/* Begin PBXGroup section */
		CEC26B0324E4FEF1006604BC = {
			isa = PBXGroup;
			children = (
				CEC26B0E24E4FEF1006604BC /* KinoAfisha */,
				CEC26B0D24E4FEF1006604BC /* Products */,
			);
			sourceTree = "<group>";
		};
		CEC26B0D24E4FEF1006604BC /* Products */ = {
			isa = PBXGroup;
			children = (
				CEC26B0C24E4FEF1006604BC /* KinoAfisha.app */,
			);
			name = Products;
			sourceTree = "<group>";
		};
		CEC26B0E24E4FEF1006604BC /* KinoAfisha */ = {
			isa = PBXGroup;
			children = (
				CEC26B0F24E4FEF1006604BC /* AppDelegate.swift */,
				CEC26B1124E4FEF1006604BC /* SceneDelegate.swift */,
				CEC26B1324E4FEF1006604BC /* ViewController.swift */,
				CEC26B1524E4FEF1006604BC /* Main.storyboard */,
				CEC26B1824E4FEF2006604BC /* Assets.xcassets */,
				CEC26B1A24E4FEF2006604BC /* LaunchScreen.storyboard */,
				CEC26B1D24E4FEF2006604BC /* Info.plist */,
			);
			path = KinoAfisha;
			sourceTree = "<group>";
		};
/* End PBXGroup section */

/* Begin PBXNativeTarget section */
		CEC26B0B24E4FEF1006604BC /* KinoAfisha */ = {
			isa = PBXNativeTarget;
			buildConfigurationList = CEC26B2024E4FEF2006604BC /* Build configuration list for PBXNativeTarget "KinoAfisha" */;
			buildPhases = (
				CEC26B0824E4FEF1006604BC /* Sources */,
				CEC26B0924E4FEF1006604BC /* Frameworks */,
				CEC26B0A24E4FEF1006604BC /* Resources */,
			);
			buildRules = (
			);
			dependencies = (
			);
			name = KinoAfisha;
			productName = KinoAfisha;
			productReference = CEC26B0C24E4FEF1006604BC /* KinoAfisha.app */;
			productType = "com.apple.product-type.application";
		};
/* End PBXNativeTarget section */

/* Begin PBXProject section */
		CEC26B0424E4FEF1006604BC /* Project object */ = {
			isa = PBXProject;
			attributes = {
				LastSwiftUpdateCheck = 1160;
				LastUpgradeCheck = 1160;
				ORGANIZATIONNAME = Aidin;
				TargetAttributes = {
					CEC26B0B24E4FEF1006604BC = {
						CreatedOnToolsVersion = 11.6;
					};
				};
			};
			buildConfigurationList = CEC26B0724E4FEF1006604BC /* Build configuration list for PBXProject "KinoAfisha" */;
			compatibilityVersion = "Xcode 9.3";
			developmentRegion = en;
			hasScannedForEncodings = 0;
			knownRegions = (
				en,
				Base,
			);
			mainGroup = CEC26B0324E4FEF1006604BC;
			productRefGroup = CEC26B0D24E4FEF1006604BC /* Products */;
			projectDirPath = "";
			projectRoot = "";
			targets = (
				CEC26B0B24E4FEF1006604BC /* KinoAfisha */,
			);
		};
/* End PBXProject section */

/* Begin PBXResourcesBuildPhase section */
		CEC26B0A24E4FEF1006604BC /* Resources */ = {
			isa = PBXResourcesBuildPhase;
			buildActionMask = 2147483647;
			files = (
				CEC26B1C24E4FEF2006604BC /* LaunchScreen.storyboard in Resources */,
				CEC26B1924E4FEF2006604BC /* Assets.xcassets in Resources */,
				CEC26B1724E4FEF1006604BC /* Main.storyboard in Resources */,
			);
			runOnlyForDeploymentPostprocessing = 0;
		};
/* End PBXResourcesBuildPhase section */

/* Begin PBXSourcesBuildPhase section */
		CEC26B0824E4FEF1006604BC /* Sources */ = {
			isa = PBXSourcesBuildPhase;
			buildActionMask = 2147483647;
			files = (
				CEC26B1424E4FEF1006604BC /* ViewController.swift in Sources */,
				CEC26B1024E4FEF1006604BC /* AppDelegate.swift in Sources */,
				CEC26B1224E4FEF1006604BC /* SceneDelegate.swift in Sources */,
			);
			runOnlyForDeploymentPostprocessing = 0;
		};
/* End PBXSourcesBuildPhase section */

/* Begin PBXVariantGroup section */
		CEC26B1524E4FEF1006604BC /* Main.storyboard */ = {
			isa = PBXVariantGroup;
			children = (
				CEC26B1624E4FEF1006604BC /* Base */,
			);
			name = Main.storyboard;
			sourceTree = "<group>";
		};
		CEC26B1A24E4FEF2006604BC /* LaunchScreen.storyboard */ = {
			isa = PBXVariantGroup;
			children = (
				CEC26B1B24E4FEF2006604BC /* Base */,
			);
			name = LaunchScreen.storyboard;
			sourceTree = "<group>";
		};
/* End PBXVariantGroup section */

/* Begin XCBuildConfiguration section */
		CEC26B1E24E4FEF2006604BC /* Debug */ = {
			isa = XCBuildConfiguration;
			buildSettings = {
				ALWAYS_SEARCH_USER_PATHS = NO;
				CLANG_ANALYZER_NONNULL = YES;
				CLANG_ANALYZER_NUMBER_OBJECT_CONVERSION = YES_AGGRESSIVE;
				CLANG_CXX_LANGUAGE_STANDARD = "gnu++14";
				CLANG_CXX_LIBRARY = "libc++";
				CLANG_ENABLE_MODULES = YES;
				CLANG_ENABLE_OBJC_ARC = YES;
				CLANG_ENABLE_OBJC_WEAK = YES;
				CLANG_WARN_BLOCK_CAPTURE_AUTORELEASING = YES;
				CLANG_WARN_BOOL_CONVERSION = YES;
				CLANG_WARN_COMMA = YES;
				CLANG_WARN_CONSTANT_CONVERSION = YES;
				CLANG_WARN_DEPRECATED_OBJC_IMPLEMENTATIONS = YES;
				CLANG_WARN_DIRECT_OBJC_ISA_USAGE = YES_ERROR;
				CLANG_WARN_DOCUMENTATION_COMMENTS = YES;
				CLANG_WARN_EMPTY_BODY = YES;
				CLANG_WARN_ENUM_CONVERSION = YES;
				CLANG_WARN_INFINITE_RECURSION = YES;
				CLANG_WARN_INT_CONVERSION = YES;
				CLANG_WARN_NON_LITERAL_NULL_CONVERSION = YES;
				CLANG_WARN_OBJC_IMPLICIT_RETAIN_SELF = YES;
				CLANG_WARN_OBJC_LITERAL_CONVERSION = YES;
				CLANG_WARN_OBJC_ROOT_CLASS = YES_ERROR;
				CLANG_WARN_RANGE_LOOP_ANALYSIS = YES;
				CLANG_WARN_STRICT_PROTOTYPES = YES;
				CLANG_WARN_SUSPICIOUS_MOVE = YES;
				CLANG_WARN_UNGUARDED_AVAILABILITY = YES_AGGRESSIVE;
				CLANG_WARN_UNREACHABLE_CODE = YES;
				CLANG_WARN__DUPLICATE_METHOD_MATCH = YES;
				COPY_PHASE_STRIP = NO;
				DEBUG_INFORMATION_FORMAT = dwarf;
				ENABLE_STRICT_OBJC_MSGSEND = YES;
				ENABLE_TESTABILITY = YES;
				GCC_C_LANGUAGE_STANDARD = gnu11;
				GCC_DYNAMIC_NO_PIC = NO;
				GCC_NO_COMMON_BLOCKS = YES;
				GCC_OPTIMIZATION_LEVEL = 0;
				GCC_PREPROCESSOR_DEFINITIONS = (
					"DEBUG=1",
					"$(inherited)",
				);
				GCC_WARN_64_TO_32_BIT_CONVERSION = YES;
				GCC_WARN_ABOUT_RETURN_TYPE = YES_ERROR;
				GCC_WARN_UNDECLARED_SELECTOR = YES;
				GCC_WARN_UNINITIALIZED_AUTOS = YES_AGGRESSIVE;
				GCC_WARN_UNUSED_FUNCTION = YES;
				GCC_WARN_UNUSED_VARIABLE = YES;
				IPHONEOS_DEPLOYMENT_TARGET = 13.6;
				MTL_ENABLE_DEBUG_INFO = INCLUDE_SOURCE;
				MTL_FAST_MATH = YES;
				ONLY_ACTIVE_ARCH = YES;
				SDKROOT = iphoneos;
				SWIFT_ACTIVE_COMPILATION_CONDITIONS = DEBUG;
				SWIFT_OPTIMIZATION_LEVEL = "-Onone";
			};
			name = Debug;
		};
		CEC26B1F24E4FEF2006604BC /* Release */ = {
			isa = XCBuildConfiguration;
			buildSettings = {
				ALWAYS_SEARCH_USER_PATHS = NO;
				CLANG_ANALYZER_NONNULL = YES;
				CLANG_ANALYZER_NUMBER_OBJECT_CONVERSION = YES_AGGRESSIVE;
				CLANG_CXX_LANGUAGE_STANDARD = "gnu++14";
				CLANG_CXX_LIBRARY = "libc++";
				CLANG_ENABLE_MODULES = YES;
				CLANG_ENABLE_OBJC_ARC = YES;
				CLANG_ENABLE_OBJC_WEAK = YES;
				CLANG_WARN_BLOCK_CAPTURE_AUTORELEASING = YES;
				CLANG_WARN_BOOL_CONVERSION = YES;
				CLANG_WARN_COMMA = YES;
				CLANG_WARN_CONSTANT_CONVERSION = YES;
				CLANG_WARN_DEPRECATED_OBJC_IMPLEMENTATIONS = YES;
				CLANG_WARN_DIRECT_OBJC_ISA_USAGE = YES_ERROR;
				CLANG_WARN_DOCUMENTATION_COMMENTS = YES;
				CLANG_WARN_EMPTY_BODY = YES;
				CLANG_WARN_ENUM_CONVERSION = YES;
				CLANG_WARN_INFINITE_RECURSION = YES;
				CLANG_WARN_INT_CONVERSION = YES;
				CLANG_WARN_NON_LITERAL_NULL_CONVERSION = YES;
				CLANG_WARN_OBJC_IMPLICIT_RETAIN_SELF = YES;
				CLANG_WARN_OBJC_LITERAL_CONVERSION = YES;
				CLANG_WARN_OBJC_ROOT_CLASS = YES_ERROR;
				CLANG_WARN_RANGE_LOOP_ANALYSIS = YES;
				CLANG_WARN_STRICT_PROTOTYPES = YES;
				CLANG_WARN_SUSPICIOUS_MOVE = YES;
				CLANG_WARN_UNGUARDED_AVAILABILITY = YES_AGGRESSIVE;
				CLANG_WARN_UNREACHABLE_CODE = YES;
				CLANG_WARN__DUPLICATE_METHOD_MATCH = YES;
				COPY_PHASE_STRIP = NO;
				DEBUG_INFORMATION_FORMAT = "dwarf-with-dsym";
				ENABLE_NS_ASSERTIONS = NO;
				ENABLE_STRICT_OBJC_MSGSEND = YES;
				GCC_C_LANGUAGE_STANDARD = gnu11;
				GCC_NO_COMMON_BLOCKS = YES;
				GCC_WARN_64_TO_32_BIT_CONVERSION = YES;
				GCC_WARN_ABOUT_RETURN_TYPE = YES_ERROR;
				GCC_WARN_UNDECLARED_SELECTOR = YES;
				GCC_WARN_UNINITIALIZED_AUTOS = YES_AGGRESSIVE;
				GCC_WARN_UNUSED_FUNCTION = YES;
				GCC_WARN_UNUSED_VARIABLE = YES;
				IPHONEOS_DEPLOYMENT_TARGET = 13.6;
				MTL_ENABLE_DEBUG_INFO = NO;
				MTL_FAST_MATH = YES;
				SDKROOT = iphoneos;
				SWIFT_COMPILATION_MODE = wholemodule;
				SWIFT_OPTIMIZATION_LEVEL = "-O";
				VALIDATE_PRODUCT = YES;
			};
			name = Release;
		};
		CEC26B2124E4FEF2006604BC /* Debug */ = {
			isa = XCBuildConfiguration;
			buildSettings = {
				ASSETCATALOG_COMPILER_APPICON_NAME = AppIcon;
				CODE_SIGN_STYLE = Automatic;
				DEVELOPMENT_TEAM = 2M2XRZ7H7U;
				INFOPLIST_FILE = KinoAfisha/Info.plist;
				LD_RUNPATH_SEARCH_PATHS = (
					"$(inherited)",
					"@executable_path/Frameworks",
				);
				PRODUCT_BUNDLE_IDENTIFIER = com.Aidin.KinoAfisha;
				PRODUCT_NAME = "$(TARGET_NAME)";
				SWIFT_VERSION = 5.0;
				TARGETED_DEVICE_FAMILY = "1,2";
			};
			name = Debug;
		};
		CEC26B2224E4FEF2006604BC /* Release */ = {
			isa = XCBuildConfiguration;
			buildSettings = {
				ASSETCATALOG_COMPILER_APPICON_NAME = AppIcon;
				CODE_SIGN_STYLE = Automatic;
				DEVELOPMENT_TEAM = 2M2XRZ7H7U;
				INFOPLIST_FILE = KinoAfisha/Info.plist;
				LD_RUNPATH_SEARCH_PATHS = (
					"$(inherited)",
					"@executable_path/Frameworks",
				);
				PRODUCT_BUNDLE_IDENTIFIER = com.Aidin.KinoAfisha;
				PRODUCT_NAME = "$(TARGET_NAME)";
				SWIFT_VERSION = 5.0;
				TARGETED_DEVICE_FAMILY = "1,2";
			};
			name = Release;
		};
/* End XCBuildConfiguration section */

/* Begin XCConfigurationList section */
		CEC26B0724E4FEF1006604BC /* Build configuration list for PBXProject "KinoAfisha" */ = {
			isa = XCConfigurationList;
			buildConfigurations = (
				CEC26B1E24E4FEF2006604BC /* Debug */,
				CEC26B1F24E4FEF2006604BC /* Release */,
			);
			defaultConfigurationIsVisible = 0;
			defaultConfigurationName = Release;
		};
		CEC26B2024E4FEF2006604BC /* Build configuration list for PBXNativeTarget "KinoAfisha" */ = {
			isa = XCConfigurationList;
			buildConfigurations = (
				CEC26B2124E4FEF2006604BC /* Debug */,
				CEC26B2224E4FEF2006604BC /* Release */,
			);
			defaultConfigurationIsVisible = 0;
			defaultConfigurationName = Release;
		};
/* End XCConfigurationList section */
	};
	rootObject = CEC26B0424E4FEF1006604BC /* Project object */;
}
